
Microsoft Visual Studio Solution File, Format Version 12.00
# Visual Studio Version 17
VisualStudioVersion = 17.2.32519.379
MinimumVisualStudioVersion = 10.0.40219.1
Project("{FAE04EC0-301F-11D3-BF4B-00C04F79EFBC}") = "MyWebApp", "src\MyWebApp.csproj", "{6943B28E-6D7C-411A-AD65-A9538321B521}"
EndProject
Project("{FAE04EC0-301F-11D3-BF4B-00C04F79EFBC}") = "UnitTests", "UnitTests\UnitTests.csproj", "{837E3A22-0D0E-4125-A4BF-40140FD686BE}"
EndProject
Global
	GlobalSection(SolutionConfigurationPlatforms) = preSolution
		Debug|Any CPU = Debug|Any CPU
		Release|Any CPU = Release|Any CPU
	EndGlobalSection
	GlobalSection(ProjectConfigurationPlatforms) = postSolution
		{6943B28E-6D7C-411A-AD65-A9538321B521}.Debug|Any CPU.ActiveCfg = Debug|Any CPU
		{6943B28E-6D7C-411A-AD65-A9538321B521}.Debug|Any CPU.Build.0 = Debug|Any CPU
		{6943B28E-6D7C-411A-AD65-A9538321B521}.Release|Any CPU.ActiveCfg = Release|Any CPU
		{6943B28E-6D7C-411A-AD65-A9538321B521}.Release|Any CPU.Build.0 = Release|Any CPU
		{837E3A22-0D0E-4125-A4BF-40140FD686BE}.Debug|Any CPU.ActiveCfg = Debug|Any CPU
		{837E3A22-0D0E-4125-A4BF-40140FD686BE}.Debug|Any CPU.Build.0 = Debug|Any CPU
		{837E3A22-0D0E-4125-A4BF-40140FD686BE}.Release|Any CPU.ActiveCfg = Release|Any CPU
		{837E3A22-0D0E-4125-A4BF-40140FD686BE}.Release|Any CPU.Build.0 = Release|Any CPU
	EndGlobalSection
	GlobalSection(SolutionProperties) = preSolution
		HideSolutionNode = FALSE
	EndGlobalSection
	GlobalSection(ExtensibilityGlobals) = postSolution
		SolutionGuid = {11352C6A-4217-4241-8D03-4EE25F600D46}
	EndGlobalSection
EndGlobal
